PODS:
  - CoinbaseWalletSDK (0.1.3)

DEPENDENCIES:
  - CoinbaseWalletSDK (from `../../`)

EXTERNAL SOURCES:
  CoinbaseWalletSDK:
    :path: "../../"

SPEC CHECKSUMS:
  CoinbaseWalletSDK: fa81f7a9402302045222b8ec79ed3f25cec16dc9

PODFILE CHECKSUM: 258b9c0ec0f0d17a701912e5f713afb0de91d709

COCOAPODS: 1.11.3
