// !$*UTF8*$!
{
	archiveVersion = 1;
	classes = {
	};
	objectVersion = 55;
	objects = {

/* Begin PBXBuildFile section */
		5DA9B3CF286A755E0089D6DB /* AppDelegate.swift in Sources */ = {isa = PBXBuildFile; fileRef = 5DA9B3CE286A755E0089D6DB /* AppDelegate.swift */; };
		5DA9B3D3286A755E0089D6DB /* ViewController.swift in Sources */ = {isa = PBXBuildFile; fileRef = 5DA9B3D2286A755E0089D6DB /* ViewController.swift */; };
		5DA9B3D6286A755E0089D6DB /* Main.storyboard in Resources */ = {isa = PBXBuildFile; fileRef = 5DA9B3D4286A755E0089D6DB /* Main.storyboard */; };
		5DA9B3D8286A755F0089D6DB /* Assets.xcassets in Resources */ = {isa = PBXBuildFile; fileRef = 5DA9B3D7286A755F0089D6DB /* Assets.xcassets */; };
		5DA9B3DB286A755F0089D6DB /* LaunchScreen.storyboard in Resources */ = {isa = PBXBuildFile; fileRef = 5DA9B3D9286A755F0089D6DB /* LaunchScreen.storyboard */; };
		9A156AE0D18D300163D57907 /* Pods_NativeWeb3App.framework in Frameworks */ = {isa = PBXBuildFile; fileRef = 333C157DDC56839FC68B8E8F /* Pods_NativeWeb3App.framework */; };
/* End PBXBuildFile section */

/* Begin PBXFileReference section */
		333C157DDC56839FC68B8E8F /* Pods_NativeWeb3App.framework */ = {isa = PBXFileReference; explicitFileType = wrapper.framework; includeInIndex = 0; path = Pods_NativeWeb3App.framework; sourceTree = BUILT_PRODUCTS_DIR; };
		5DA9B3CB286A755E0089D6DB /* NativeWeb3App.app */ = {isa = PBXFileReference; explicitFileType = wrapper.application; includeInIndex = 0; path = NativeWeb3App.app; sourceTree = BUILT_PRODUCTS_DIR; };
		5DA9B3CE286A755E0089D6DB /* AppDelegate.swift */ = {isa = PBXFileReference; lastKnownFileType = sourcecode.swift; path = AppDelegate.swift; sourceTree = "<group>"; };
		5DA9B3D2286A755E0089D6DB /* ViewController.swift */ = {isa = PBXFileReference; lastKnownFileType = sourcecode.swift; path = ViewController.swift; sourceTree = "<group>"; };
		5DA9B3D5286A755E0089D6DB /* Base */ = {isa = PBXFileReference; lastKnownFileType = file.storyboard; name = Base; path = Base.lproj/Main.storyboard; sourceTree = "<group>"; };
		5DA9B3D7286A755F0089D6DB /* Assets.xcassets */ = {isa = PBXFileReference; lastKnownFileType = folder.assetcatalog; path = Assets.xcassets; sourceTree = "<group>"; };
		5DA9B3DA286A755F0089D6DB /* Base */ = {isa = PBXFileReference; lastKnownFileType = file.storyboard; name = Base; path = Base.lproj/LaunchScreen.storyboard; sourceTree = "<group>"; };
		5DA9B3DC286A755F0089D6DB /* Info.plist */ = {isa = PBXFileReference; lastKnownFileType = text.plist.xml; path = Info.plist; sourceTree = "<group>"; };
		AD64CFD01D3AB9B726DF335B /* Pods-NativeWeb3App.release.xcconfig */ = {isa = PBXFileReference; includeInIndex = 1; lastKnownFileType = text.xcconfig; name = "Pods-NativeWeb3App.release.xcconfig"; path = "Target Support Files/Pods-NativeWeb3App/Pods-NativeWeb3App.release.xcconfig"; sourceTree = "<group>"; };
		FC120F48CB37E5C1FAFE2CAE /* Pods-NativeWeb3App.debug.xcconfig */ = {isa = PBXFileReference; includeInIndex = 1; lastKnownFileType = text.xcconfig; name = "Pods-NativeWeb3App.debug.xcconfig"; path = "Target Support Files/Pods-NativeWeb3App/Pods-NativeWeb3App.debug.xcconfig"; sourceTree = "<group>"; };
/* End PBXFileReference section */

/* Begin PBXFrameworksBuildPhase section */
		5DA9B3C8286A755E0089D6DB /* Frameworks */ = {
			isa = PBXFrameworksBuildPhase;
			buildActionMask = 2147483647;
			files = (
				9A156AE0D18D300163D57907 /* Pods_NativeWeb3App.framework in Frameworks */,
			);
			runOnlyForDeploymentPostprocessing = 0;
		};
/* End PBXFrameworksBuildPhase section */

/* Begin PBXGroup section */
		3E18EF9C1E2A7D3BF660A5CD /* Frameworks */ = {
			isa = PBXGroup;
			children = (
				333C157DDC56839FC68B8E8F /* Pods_NativeWeb3App.framework */,
			);
			name = Frameworks;
			sourceTree = "<group>";
		};
		51AC5D6DCCB61B979D9D716E /* Pods */ = {
			isa = PBXGroup;
			children = (
				FC120F48CB37E5C1FAFE2CAE /* Pods-NativeWeb3App.debug.xcconfig */,
				AD64CFD01D3AB9B726DF335B /* Pods-NativeWeb3App.release.xcconfig */,
			);
			path = Pods;
			sourceTree = "<group>";
		};
		5DA9B3C2286A755E0089D6DB = {
			isa = PBXGroup;
			children = (
				5DA9B3CD286A755E0089D6DB /* SampleApp */,
				5DA9B3CC286A755E0089D6DB /* Products */,
				51AC5D6DCCB61B979D9D716E /* Pods */,
				3E18EF9C1E2A7D3BF660A5CD /* Frameworks */,
			);
			sourceTree = "<group>";
		};
		5DA9B3CC286A755E0089D6DB /* Products */ = {
			isa = PBXGroup;
			children = (
				5DA9B3CB286A755E0089D6DB /* NativeWeb3App.app */,
			);
			name = Products;
			sourceTree = "<group>";
		};
		5DA9B3CD286A755E0089D6DB /* SampleApp */ = {
			isa = PBXGroup;
			children = (
				5DA9B3CE286A755E0089D6DB /* AppDelegate.swift */,
				5DA9B3D2286A755E0089D6DB /* ViewController.swift */,
				5DA9B3D4286A755E0089D6DB /* Main.storyboard */,
				5DA9B3D7286A755F0089D6DB /* Assets.xcassets */,
				5DA9B3D9286A755F0089D6DB /* LaunchScreen.storyboard */,
				5DA9B3DC286A755F0089D6DB /* Info.plist */,
			);
			path = SampleApp;
			sourceTree = "<group>";
		};
/* End PBXGroup section */

/* Begin PBXNativeTarget section */
		5DA9B3CA286A755E0089D6DB /* NativeWeb3App */ = {
			isa = PBXNativeTarget;
			buildConfigurationList = 5DA9B3DF286A755F0089D6DB /* Build configuration list for PBXNativeTarget "NativeWeb3App" */;
			buildPhases = (
				29FDABA7E59E1339DA4167A7 /* [CP] Check Pods Manifest.lock */,
				5DA9B3C7286A755E0089D6DB /* Sources */,
				5DA9B3C8286A755E0089D6DB /* Frameworks */,
				5DA9B3C9286A755E0089D6DB /* Resources */,
				4A2E3B84F8F828F77205E15C /* [CP] Embed Pods Frameworks */,
			);
			buildRules = (
			);
			dependencies = (
			);
			name = NativeWeb3App;
			productName = NativeWeb3App;
			productReference = 5DA9B3CB286A755E0089D6DB /* NativeWeb3App.app */;
			productType = "com.apple.product-type.application";
		};
/* End PBXNativeTarget section */

/* Begin PBXProject section */
		5DA9B3C3286A755E0089D6DB /* Project object */ = {
			isa = PBXProject;
			attributes = {
				BuildIndependentTargetsInParallel = 1;
				LastSwiftUpdateCheck = 1330;
				LastUpgradeCheck = 1330;
				TargetAttributes = {
					5DA9B3CA286A755E0089D6DB = {
						CreatedOnToolsVersion = 13.3.1;
					};
				};
			};
			buildConfigurationList = 5DA9B3C6286A755E0089D6DB /* Build configuration list for PBXProject "SampleApp" */;
			compatibilityVersion = "Xcode 13.0";
			developmentRegion = en;
			hasScannedForEncodings = 0;
			knownRegions = (
				en,
				Base,
			);
			mainGroup = 5DA9B3C2286A755E0089D6DB;
			productRefGroup = 5DA9B3CC286A755E0089D6DB /* Products */;
			projectDirPath = "";
			projectRoot = "";
			targets = (
				5DA9B3CA286A755E0089D6DB /* NativeWeb3App */,
			);
		};
/* End PBXProject section */

/* Begin PBXResourcesBuildPhase section */
		5DA9B3C9286A755E0089D6DB /* Resources */ = {
			isa = PBXResourcesBuildPhase;
			buildActionMask = 2147483647;
			files = (
				5DA9B3DB286A755F0089D6DB /* LaunchScreen.storyboard in Resources */,
				5DA9B3D8286A755F0089D6DB /* Assets.xcassets in Resources */,
				5DA9B3D6286A755E0089D6DB /* Main.storyboard in Resources */,
			);
			runOnlyForDeploymentPostprocessing = 0;
		};
/* End PBXResourcesBuildPhase section */

/* Begin PBXShellScriptBuildPhase section */
		29FDABA7E59E1339DA4167A7 /* [CP] Check Pods Manifest.lock */ = {
			isa = PBXShellScriptBuildPhase;
			buildActionMask = 2147483647;
			files = (
			);
			inputFileListPaths = (
			);
			inputPaths = (
				"${PODS_PODFILE_DIR_PATH}/Podfile.lock",
				"${PODS_ROOT}/Manifest.lock",
			);
			name = "[CP] Check Pods Manifest.lock";
			outputFileListPaths = (
			);
			outputPaths = (
				"$(DERIVED_FILE_DIR)/Pods-NativeWeb3App-checkManifestLockResult.txt",
			);
			runOnlyForDeploymentPostprocessing = 0;
			shellPath = /bin/sh;
			shellScript = "diff \"${PODS_PODFILE_DIR_PATH}/Podfile.lock\" \"${PODS_ROOT}/Manifest.lock\" > /dev/null\nif [ $? != 0 ] ; then\n    # print error to STDERR\n    echo \"error: The sandbox is not in sync with the Podfile.lock. Run 'pod install' or update your CocoaPods installation.\" >&2\n    exit 1\nfi\n# This output is used by Xcode 'outputs' to avoid re-running this script phase.\necho \"SUCCESS\" > \"${SCRIPT_OUTPUT_FILE_0}\"\n";
			showEnvVarsInLog = 0;
		};
		4A2E3B84F8F828F77205E15C /* [CP] Embed Pods Frameworks */ = {
			isa = PBXShellScriptBuildPhase;
			buildActionMask = 2147483647;
			files = (
			);
			inputFileListPaths = (
				"${PODS_ROOT}/Target Support Files/Pods-NativeWeb3App/Pods-NativeWeb3App-frameworks-${CONFIGURATION}-input-files.xcfilelist",
			);
			name = "[CP] Embed Pods Frameworks";
			outputFileListPaths = (
				"${PODS_ROOT}/Target Support Files/Pods-NativeWeb3App/Pods-NativeWeb3App-frameworks-${CONFIGURATION}-output-files.xcfilelist",
			);
			runOnlyForDeploymentPostprocessing = 0;
			shellPath = /bin/sh;
			shellScript = "\"${PODS_ROOT}/Target Support Files/Pods-NativeWeb3App/Pods-NativeWeb3App-frameworks.sh\"\n";
			showEnvVarsInLog = 0;
		};
/* End PBXShellScriptBuildPhase section */

/* Begin PBXSourcesBuildPhase section */
		5DA9B3C7286A755E0089D6DB /* Sources */ = {
			isa = PBXSourcesBuildPhase;
			buildActionMask = 2147483647;
			files = (
				5DA9B3D3286A755E0089D6DB /* ViewController.swift in Sources */,
				5DA9B3CF286A755E0089D6DB /* AppDelegate.swift in Sources */,
			);
			runOnlyForDeploymentPostprocessing = 0;
		};
/* End PBXSourcesBuildPhase section */

/* Begin PBXVariantGroup section */
		5DA9B3D4286A755E0089D6DB /* Main.storyboard */ = {
			isa = PBXVariantGroup;
			children = (
				5DA9B3D5286A755E0089D6DB /* Base */,
			);
			name = Main.storyboard;
			sourceTree = "<group>";
		};
		5DA9B3D9286A755F0089D6DB /* LaunchScreen.storyboard */ = {
			isa = PBXVariantGroup;
			children = (
				5DA9B3DA286A755F0089D6DB /* Base */,
			);
			name = LaunchScreen.storyboard;
			sourceTree = "<group>";
		};
/* End PBXVariantGroup section */

/* Begin XCBuildConfiguration section */
		5DA9B3DD286A755F0089D6DB /* Debug */ = {
			isa = XCBuildConfiguration;
			buildSettings = {
				ALWAYS_SEARCH_USER_PATHS = NO;
				CLANG_ANALYZER_NONNULL = YES;
				CLANG_ANALYZER_NUMBER_OBJECT_CONVERSION = YES_AGGRESSIVE;
				CLANG_CXX_LANGUAGE_STANDARD = "gnu++17";
				CLANG_ENABLE_MODULES = YES;
				CLANG_ENABLE_OBJC_ARC = YES;
				CLANG_ENABLE_OBJC_WEAK = YES;
				CLANG_WARN_BLOCK_CAPTURE_AUTORELEASING = YES;
				CLANG_WARN_BOOL_CONVERSION = YES;
				CLANG_WARN_COMMA = YES;
				CLANG_WARN_CONSTANT_CONVERSION = YES;
				CLANG_WARN_DEPRECATED_OBJC_IMPLEMENTATIONS = YES;
				CLANG_WARN_DIRECT_OBJC_ISA_USAGE = YES_ERROR;
				CLANG_WARN_DOCUMENTATION_COMMENTS = YES;
				CLANG_WARN_EMPTY_BODY = YES;
				CLANG_WARN_ENUM_CONVERSION = YES;
				CLANG_WARN_INFINITE_RECURSION = YES;
				CLANG_WARN_INT_CONVERSION = YES;
				CLANG_WARN_NON_LITERAL_NULL_CONVERSION = YES;
				CLANG_WARN_OBJC_IMPLICIT_RETAIN_SELF = YES;
				CLANG_WARN_OBJC_LITERAL_CONVERSION = YES;
				CLANG_WARN_OBJC_ROOT_CLASS = YES_ERROR;
				CLANG_WARN_QUOTED_INCLUDE_IN_FRAMEWORK_HEADER = YES;
				CLANG_WARN_RANGE_LOOP_ANALYSIS = YES;
				CLANG_WARN_STRICT_PROTOTYPES = YES;
				CLANG_WARN_SUSPICIOUS_MOVE = YES;
				CLANG_WARN_UNGUARDED_AVAILABILITY = YES_AGGRESSIVE;
				CLANG_WARN_UNREACHABLE_CODE = YES;
				CLANG_WARN__DUPLICATE_METHOD_MATCH = YES;
				COPY_PHASE_STRIP = NO;
				DEBUG_INFORMATION_FORMAT = dwarf;
				ENABLE_STRICT_OBJC_MSGSEND = YES;
				ENABLE_TESTABILITY = YES;
				GCC_C_LANGUAGE_STANDARD = gnu11;
				GCC_DYNAMIC_NO_PIC = NO;
				GCC_NO_COMMON_BLOCKS = YES;
				GCC_OPTIMIZATION_LEVEL = 0;
				GCC_PREPROCESSOR_DEFINITIONS = (
					"DEBUG=1",
					"$(inherited)",
				);
				GCC_WARN_64_TO_32_BIT_CONVERSION = YES;
				GCC_WARN_ABOUT_RETURN_TYPE = YES_ERROR;
				GCC_WARN_UNDECLARED_SELECTOR = YES;
				GCC_WARN_UNINITIALIZED_AUTOS = YES_AGGRESSIVE;
				GCC_WARN_UNUSED_FUNCTION = YES;
				GCC_WARN_UNUSED_VARIABLE = YES;
				IPHONEOS_DEPLOYMENT_TARGET = 15.4;
				MTL_ENABLE_DEBUG_INFO = INCLUDE_SOURCE;
				MTL_FAST_MATH = YES;
				ONLY_ACTIVE_ARCH = YES;
				SDKROOT = iphoneos;
				SWIFT_ACTIVE_COMPILATION_CONDITIONS = DEBUG;
				SWIFT_OPTIMIZATION_LEVEL = "-Onone";
			};
			name = Debug;
		};
		5DA9B3DE286A755F0089D6DB /* Release */ = {
			isa = XCBuildConfiguration;
			buildSettings = {
				ALWAYS_SEARCH_USER_PATHS = NO;
				CLANG_ANALYZER_NONNULL = YES;
				CLANG_ANALYZER_NUMBER_OBJECT_CONVERSION = YES_AGGRESSIVE;
				CLANG_CXX_LANGUAGE_STANDARD = "gnu++17";
				CLANG_ENABLE_MODULES = YES;
				CLANG_ENABLE_OBJC_ARC = YES;
				CLANG_ENABLE_OBJC_WEAK = YES;
				CLANG_WARN_BLOCK_CAPTURE_AUTORELEASING = YES;
				CLANG_WARN_BOOL_CONVERSION = YES;
				CLANG_WARN_COMMA = YES;
				CLANG_WARN_CONSTANT_CONVERSION = YES;
				CLANG_WARN_DEPRECATED_OBJC_IMPLEMENTATIONS = YES;
				CLANG_WARN_DIRECT_OBJC_ISA_USAGE = YES_ERROR;
				CLANG_WARN_DOCUMENTATION_COMMENTS = YES;
				CLANG_WARN_EMPTY_BODY = YES;
				CLANG_WARN_ENUM_CONVERSION = YES;
				CLANG_WARN_INFINITE_RECURSION = YES;
				CLANG_WARN_INT_CONVERSION = YES;
				CLANG_WARN_NON_LITERAL_NULL_CONVERSION = YES;
				CLANG_WARN_OBJC_IMPLICIT_RETAIN_SELF = YES;
				CLANG_WARN_OBJC_LITERAL_CONVERSION = YES;
				CLANG_WARN_OBJC_ROOT_CLASS = YES_ERROR;
				CLANG_WARN_QUOTED_INCLUDE_IN_FRAMEWORK_HEADER = YES;
				CLANG_WARN_RANGE_LOOP_ANALYSIS = YES;
				CLANG_WARN_STRICT_PROTOTYPES = YES;
				CLANG_WARN_SUSPICIOUS_MOVE = YES;
				CLANG_WARN_UNGUARDED_AVAILABILITY = YES_AGGRESSIVE;
				CLANG_WARN_UNREACHABLE_CODE = YES;
				CLANG_WARN__DUPLICATE_METHOD_MATCH = YES;
				COPY_PHASE_STRIP = NO;
				DEBUG_INFORMATION_FORMAT = "dwarf-with-dsym";
				ENABLE_NS_ASSERTIONS = NO;
				ENABLE_STRICT_OBJC_MSGSEND = YES;
				GCC_C_LANGUAGE_STANDARD = gnu11;
				GCC_NO_COMMON_BLOCKS = YES;
				GCC_WARN_64_TO_32_BIT_CONVERSION = YES;
				GCC_WARN_ABOUT_RETURN_TYPE = YES_ERROR;
				GCC_WARN_UNDECLARED_SELECTOR = YES;
				GCC_WARN_UNINITIALIZED_AUTOS = YES_AGGRESSIVE;
				GCC_WARN_UNUSED_FUNCTION = YES;
				GCC_WARN_UNUSED_VARIABLE = YES;
				IPHONEOS_DEPLOYMENT_TARGET = 15.4;
				MTL_ENABLE_DEBUG_INFO = NO;
				MTL_FAST_MATH = YES;
				SDKROOT = iphoneos;
				SWIFT_COMPILATION_MODE = wholemodule;
				SWIFT_OPTIMIZATION_LEVEL = "-O";
				VALIDATE_PRODUCT = YES;
			};
			name = Release;
		};
		5DA9B3E0286A755F0089D6DB /* Debug */ = {
			isa = XCBuildConfiguration;
			baseConfigurationReference = FC120F48CB37E5C1FAFE2CAE /* Pods-NativeWeb3App.debug.xcconfig */;
			buildSettings = {
				ASSETCATALOG_COMPILER_APPICON_NAME = AppIcon;
				ASSETCATALOG_COMPILER_GLOBAL_ACCENT_COLOR_NAME = AccentColor;
				CODE_SIGN_STYLE = Automatic;
				CURRENT_PROJECT_VERSION = 1;
				DEVELOPMENT_TEAM = B7Y3D73M65;
				GENERATE_INFOPLIST_FILE = YES;
				INFOPLIST_FILE = SampleApp/Info.plist;
				INFOPLIST_KEY_UIApplicationSupportsIndirectInputEvents = YES;
				INFOPLIST_KEY_UILaunchStoryboardName = LaunchScreen;
				INFOPLIST_KEY_UIMainStoryboardFile = Main;
				INFOPLIST_KEY_UISupportedInterfaceOrientations_iPad = "UIInterfaceOrientationPortrait UIInterfaceOrientationPortraitUpsideDown UIInterfaceOrientationLandscapeLeft UIInterfaceOrientationLandscapeRight";
				INFOPLIST_KEY_UISupportedInterfaceOrientations_iPhone = "UIInterfaceOrientationPortrait UIInterfaceOrientationLandscapeLeft UIInterfaceOrientationLandscapeRight";
				LD_RUNPATH_SEARCH_PATHS = (
					"$(inherited)",
					"@executable_path/Frameworks",
				);
				MARKETING_VERSION = 1.0;
				PRODUCT_BUNDLE_IDENTIFIER = com.coinbase.NativeWeb3App;
				PRODUCT_NAME = "$(TARGET_NAME)";
				SWIFT_EMIT_LOC_STRINGS = YES;
				SWIFT_VERSION = 5.0;
				TARGETED_DEVICE_FAMILY = "1,2";
			};
			name = Debug;
		};
		5DA9B3E1286A755F0089D6DB /* Release */ = {
			isa = XCBuildConfiguration;
			baseConfigurationReference = AD64CFD01D3AB9B726DF335B /* Pods-NativeWeb3App.release.xcconfig */;
			buildSettings = {
				ASSETCATALOG_COMPILER_APPICON_NAME = AppIcon;
				ASSETCATALOG_COMPILER_GLOBAL_ACCENT_COLOR_NAME = AccentColor;
				CODE_SIGN_STYLE = Automatic;
				CURRENT_PROJECT_VERSION = 1;
				DEVELOPMENT_TEAM = B7Y3D73M65;
				GENERATE_INFOPLIST_FILE = YES;
				INFOPLIST_FILE = SampleApp/Info.plist;
				INFOPLIST_KEY_UIApplicationSupportsIndirectInputEvents = YES;
				INFOPLIST_KEY_UILaunchStoryboardName = LaunchScreen;
				INFOPLIST_KEY_UIMainStoryboardFile = Main;
				INFOPLIST_KEY_UISupportedInterfaceOrientations_iPad = "UIInterfaceOrientationPortrait UIInterfaceOrientationPortraitUpsideDown UIInterfaceOrientationLandscapeLeft UIInterfaceOrientationLandscapeRight";
				INFOPLIST_KEY_UISupportedInterfaceOrientations_iPhone = "UIInterfaceOrientationPortrait UIInterfaceOrientationLandscapeLeft UIInterfaceOrientationLandscapeRight";
				LD_RUNPATH_SEARCH_PATHS = (
					"$(inherited)",
					"@executable_path/Frameworks",
				);
				MARKETING_VERSION = 1.0;
				PRODUCT_BUNDLE_IDENTIFIER = com.coinbase.NativeWeb3App;
				PRODUCT_NAME = "$(TARGET_NAME)";
				SWIFT_EMIT_LOC_STRINGS = YES;
				SWIFT_VERSION = 5.0;
				TARGETED_DEVICE_FAMILY = "1,2";
			};
			name = Release;
		};
/* End XCBuildConfiguration section */

/* Begin XCConfigurationList section */
		5DA9B3C6286A755E0089D6DB /* Build configuration list for PBXProject "SampleApp" */ = {
			isa = XCConfigurationList;
			buildConfigurations = (
				5DA9B3DD286A755F0089D6DB /* Debug */,
				5DA9B3DE286A755F0089D6DB /* Release */,
			);
			defaultConfigurationIsVisible = 0;
			defaultConfigurationName = Release;
		};
		5DA9B3DF286A755F0089D6DB /* Build configuration list for PBXNativeTarget "NativeWeb3App" */ = {
			isa = XCConfigurationList;
			buildConfigurations = (
				5DA9B3E0286A755F0089D6DB /* Debug */,
				5DA9B3E1286A755F0089D6DB /* Release */,
			);
			defaultConfigurationIsVisible = 0;
			defaultConfigurationName = Release;
		};
/* End XCConfigurationList section */
	};
	rootObject = 5DA9B3C3286A755E0089D6DB /* Project object */;
}
