PODS:
  - WalletSegue (0.1.0)
  - WalletSegueHost (0.1.0):
    - WalletSegue

DEPENDENCIES:
  - WalletSegue (from `../../client/ios/`)
  - WalletSegueHost (from `../../host/ios/`)

EXTERNAL SOURCES:
  WalletSegue:
    :path: "../../client/ios/"
  WalletSegueHost:
    :path: "../../host/ios/"

SPEC CHECKSUMS:
  WalletSegue: c15b5591eb7dc9493141ae45dab6ce4425cb38d8
  WalletSegueHost: 7f254a014e540316b12060b710a1f8aef8b1e02d

PODFILE CHECKSUM: c1f8fcc63f71a8af67bc681f45d28420b5aaa55e

COCOAPODS: 1.11.3
